<?xml version="1.0" encoding="utf-8"?>
<Project ToolsVersion="4.0" xmlns="http://schemas.microsoft.com/developer/msbuild/2003">
  <ItemGroup>
    <Filter Include="Исходные файлы">
      <UniqueIdentifier>{4FC737F1-C7A5-4376-A066-2A32D752A2FF}</UniqueIdentifier>
      <Extensions>cpp;c;cc;cxx;c++;cppm;ixx;def;odl;idl;hpj;bat;asm;asmx</Extensions>
    </Filter>
    <Filter Include="Файлы заголовков">
      <UniqueIdentifier>{93995380-89BD-4b04-88EB-625FBE52EBFB}</UniqueIdentifier>
      <Extensions>h;hh;hpp;hxx;h++;hm;inl;inc;ipp;xsd</Extensions>
    </Filter>
    <Filter Include="Файлы ресурсов">
      <UniqueIdentifier>{67DA6AB6-F800-4c08-8B7A-83BB121AAD01}</UniqueIdentifier>
      <Extensions>rc;ico;cur;bmp;dlg;rc2;rct;bin;rgs;gif;jpg;jpeg;jpe;resx;tiff;tif;png;wav;mfcribbon-ms</Extensions>
    </Filter>
  </ItemGroup>
  <ItemGroup>
    <ClCompile Include="Main.cpp">
      <Filter>Исходные файлы</Filter>
    </ClCompile>
    <ClCompile Include="engine\effects\Effects\WobbleEffect.cpp">
      <Filter>Исходные файлы</Filter>
    </ClCompile>
    <ClCompile Include="engine\effects\Effect.cpp">
      <Filter>Исходные файлы</Filter>
    </ClCompile>
    <ClCompile Include="engine\GUI\Label\Label.cpp">
      <Filter>Исходные файлы</Filter>
    </ClCompile>
    <ClCompile Include="engine\GUI\SimpleButton\SimpleButton.cpp">
      <Filter>Исходные файлы</Filter>
    </ClCompile>
    <ClCompile Include="engine\GUI\BaseGUI.cpp">
      <Filter>Исходные файлы</Filter>
    </ClCompile>
    <ClCompile Include="engine\Texts\TextsDB.cpp">
      <Filter>Исходные файлы</Filter>
    </ClCompile>
    <ClCompile Include="engine\Animatable.cpp">
      <Filter>Исходные файлы</Filter>
    </ClCompile>
    <ClCompile Include="engine\EngineVariables.cpp">
      <Filter>Исходные файлы</Filter>
    </ClCompile>
    <ClCompile Include="engine\EventHandler.cpp">
      <Filter>Исходные файлы</Filter>
    </ClCompile>
    <ClCompile Include="engine\Loader.cpp">
      <Filter>Исходные файлы</Filter>
    </ClCompile>
    <ClCompile Include="engine\Logger.cpp">
      <Filter>Исходные файлы</Filter>
    </ClCompile>
    <ClCompile Include="engine\SceneControl.cpp">
      <Filter>Исходные файлы</Filter>
    </ClCompile>
    <ClCompile Include="engine\SimpleGameObject.cpp">
      <Filter>Исходные файлы</Filter>
    </ClCompile>
    <ClCompile Include="engine\SoundPad.cpp">
      <Filter>Исходные файлы</Filter>
    </ClCompile>
    <ClCompile Include="engine\ThreadPool.cpp">
      <Filter>Исходные файлы</Filter>
    </ClCompile>
    <ClCompile Include="maze\MazeMap.cpp">
      <Filter>Исходные файлы</Filter>
    </ClCompile>
    <ClCompile Include="scenes\game\Classic\GameScene.cpp">
      <Filter>Исходные файлы</Filter>
    </ClCompile>
  </ItemGroup>
  <ItemGroup>
    <ClInclude Include="engine\effects\Effects\WobbleEffect.h">
      <Filter>Файлы заголовков</Filter>
    </ClInclude>
    <ClInclude Include="engine\effects\Effect.h">
      <Filter>Файлы заголовков</Filter>
    </ClInclude>
    <ClInclude Include="engine\effects\includeEffects.hpp">
      <Filter>Файлы заголовков</Filter>
    </ClInclude>
    <ClInclude Include="engine\GUI\Label\Label.hpp">
      <Filter>Файлы заголовков</Filter>
    </ClInclude>
    <ClInclude Include="engine\GUI\SimpleButton\SimpleButton.hpp">
      <Filter>Файлы заголовков</Filter>
    </ClInclude>
    <ClInclude Include="engine\GUI\BaseGUI.hpp">
      <Filter>Файлы заголовков</Filter>
    </ClInclude>
    <ClInclude Include="engine\GUI\GUIelement.hpp">
      <Filter>Файлы заголовков</Filter>
    </ClInclude>
    <ClInclude Include="engine\GUI\includeGUI.hpp">
      <Filter>Файлы заголовков</Filter>
    </ClInclude>
    <ClInclude Include="engine\Texts\TextDBBase.hpp">
      <Filter>Файлы заголовков</Filter>
    </ClInclude>
    <ClInclude Include="engine\Texts\TextsDB.hpp">
      <Filter>Файлы заголовков</Filter>
    </ClInclude>
    <ClInclude Include="engine\Animatable.h">
      <Filter>Файлы заголовков</Filter>
    </ClInclude>
    <ClInclude Include="engine\Engine.hpp">
      <Filter>Файлы заголовков</Filter>
    </ClInclude>
    <ClInclude Include="engine\EngineVariables.hpp">
      <Filter>Файлы заголовков</Filter>
    </ClInclude>
    <ClInclude Include="engine\EventHandler.hpp">
      <Filter>Файлы заголовков</Filter>
    </ClInclude>
    <ClInclude Include="engine\GlobalAssetManager.hpp">
      <Filter>Файлы заголовков</Filter>
    </ClInclude>
    <ClInclude Include="engine\GlobalObjectsManager.hpp">
      <Filter>Файлы заголовков</Filter>
    </ClInclude>
    <ClInclude Include="engine\Loader.hpp">
      <Filter>Файлы заголовков</Filter>
    </ClInclude>
    <ClInclude Include="engine\Logger.hpp">
      <Filter>Файлы заголовков</Filter>
    </ClInclude>
    <ClInclude Include="engine\Scene.hpp">
      <Filter>Файлы заголовков</Filter>
    </ClInclude>
    <ClInclude Include="engine\SceneChangeRequest.hpp">
      <Filter>Файлы заголовков</Filter>
    </ClInclude>
    <ClInclude Include="engine\SceneControl.hpp">
      <Filter>Файлы заголовков</Filter>
    </ClInclude>
    <ClInclude Include="engine\SimpleGameObject.h">
      <Filter>Файлы заголовков</Filter>
    </ClInclude>
    <ClInclude Include="engine\Singleton.hpp">
      <Filter>Файлы заголовков</Filter>
    </ClInclude>
    <ClInclude Include="engine\SoundPad.h">
      <Filter>Файлы заголовков</Filter>
    </ClInclude>
    <ClInclude Include="engine\ThreadPool.hpp">
      <Filter>Файлы заголовков</Filter>
    </ClInclude>
    <ClInclude Include="locale\en-en.hpp">
      <Filter>Файлы заголовков</Filter>
    </ClInclude>
    <ClInclude Include="scenes\IncludeScenes.hpp">
      <Filter>Файлы заголовков</Filter>
    </ClInclude>
    <ClInclude Include="scenes\mainMenu\MainMenuScene.hpp">
      <Filter>Файлы заголовков</Filter>
    </ClInclude>
    <ClInclude Include="scenes\selectGameMode\SelectGameMode.hpp">
      <Filter>Файлы заголовков</Filter>
    </ClInclude>
    <ClInclude Include="maze\EulerGeneration\Euler.hpp">
      <Filter>Файлы заголовков</Filter>
    </ClInclude>
    <ClInclude Include="maze\MazeMap.hpp">
      <Filter>Файлы заголовков</Filter>
    </ClInclude>
    <ClInclude Include="maze\MazeTile.hpp">
      <Filter>Файлы заголовков</Filter>
    </ClInclude>
    <ClInclude Include="scenes\game\Classic\GameScene.hpp">
      <Filter>Файлы заголовков</Filter>
    </ClInclude>
    <ClInclude Include="scenes\SceneWithFade.hpp">
      <Filter>Файлы заголовков</Filter>
    </ClInclude>
    <ClInclude Include="maze\Balbes.hpp">
      <Filter>Файлы заголовков</Filter>
    </ClInclude>
    <ClInclude Include="scenes\Victory\VictoryScreen.hpp">
      <Filter>Файлы заголовков</Filter>
    </ClInclude>
  </ItemGroup>
</Project>